
Microsoft Visual Studio Solution File, Format Version 12.00
# Visual Studio 14
VisualStudioVersion = 14.0.25420.1
MinimumVisualStudioVersion = 10.0.40219.1
Project("{FAE04EC0-301F-11D3-BF4B-00C04F79EFBC}") = "YankiKarayilanSoru2", "YankiKarayilanSoru2\YankiKarayilanSoru2.csproj", "{676B4852-AA9D-4A6B-9868-CC52D997DA6C}"
EndProject
Global
	GlobalSection(SolutionConfigurationPlatforms) = preSolution
		Debug|Any CPU = Debug|Any CPU
		Release|Any CPU = Release|Any CPU
	EndGlobalSection
	GlobalSection(ProjectConfigurationPlatforms) = postSolution
		{676B4852-AA9D-4A6B-9868-CC52D997DA6C}.Debug|Any CPU.ActiveCfg = Debug|Any CPU
		{676B4852-AA9D-4A6B-9868-CC52D997DA6C}.Debug|Any CPU.Build.0 = Debug|Any CPU
		{676B4852-AA9D-4A6B-9868-CC52D997DA6C}.Release|Any CPU.ActiveCfg = Release|Any CPU
		{676B4852-AA9D-4A6B-9868-CC52D997DA6C}.Release|Any CPU.Build.0 = Release|Any CPU
	EndGlobalSection
	GlobalSection(SolutionProperties) = preSolution
		HideSolutionNode = FALSE
	EndGlobalSection
EndGlobal
